
Microsoft Visual Studio Solution File, Format Version 12.00
# Visual Studio Version 16
VisualStudioVersion = 16.0.33920.266
MinimumVisualStudioVersion = 10.0.40219.1
Project("{FAE04EC0-301F-11D3-BF4B-00C04F79EFBC}") = "Подготовка к экзамену", "Подготовка к экзамену.csproj", "{D69912B5-44E8-43D2-941B-4F65C82EDC8D}"
EndProject
Global
	GlobalSection(SolutionConfigurationPlatforms) = preSolution
		Debug|Any CPU = Debug|Any CPU
		Release|Any CPU = Release|Any CPU
	EndGlobalSection
	GlobalSection(ProjectConfigurationPlatforms) = postSolution
		{D69912B5-44E8-43D2-941B-4F65C82EDC8D}.Debug|Any CPU.ActiveCfg = Debug|Any CPU
		{D69912B5-44E8-43D2-941B-4F65C82EDC8D}.Debug|Any CPU.Build.0 = Debug|Any CPU
		{D69912B5-44E8-43D2-941B-4F65C82EDC8D}.Release|Any CPU.ActiveCfg = Release|Any CPU
		{D69912B5-44E8-43D2-941B-4F65C82EDC8D}.Release|Any CPU.Build.0 = Release|Any CPU
	EndGlobalSection
	GlobalSection(SolutionProperties) = preSolution
		HideSolutionNode = FALSE
	EndGlobalSection
	GlobalSection(ExtensibilityGlobals) = postSolution
		SolutionGuid = {1BBA9C79-0DDA-4018-B987-BB2869E1D9EB}
	EndGlobalSection
EndGlobal
