
Microsoft Visual Studio Solution File, Format Version 12.00
# Visual Studio 15
VisualStudioVersion = 15.0.34112.143
MinimumVisualStudioVersion = 10.0.40219.1
Project("{FAE04EC0-301F-11D3-BF4B-00C04F79EFBC}") = "ConsoleApp10", "ConsoleApp10\ConsoleApp10.csproj", "{448786E2-A3C4-4AD2-96C4-592C2EA6C581}"
EndProject
Global
	GlobalSection(SolutionConfigurationPlatforms) = preSolution
		Debug|Any CPU = Debug|Any CPU
		Release|Any CPU = Release|Any CPU
	EndGlobalSection
	GlobalSection(ProjectConfigurationPlatforms) = postSolution
		{448786E2-A3C4-4AD2-96C4-592C2EA6C581}.Debug|Any CPU.ActiveCfg = Debug|Any CPU
		{448786E2-A3C4-4AD2-96C4-592C2EA6C581}.Debug|Any CPU.Build.0 = Debug|Any CPU
		{448786E2-A3C4-4AD2-96C4-592C2EA6C581}.Release|Any CPU.ActiveCfg = Release|Any CPU
		{448786E2-A3C4-4AD2-96C4-592C2EA6C581}.Release|Any CPU.Build.0 = Release|Any CPU
	EndGlobalSection
	GlobalSection(SolutionProperties) = preSolution
		HideSolutionNode = FALSE
	EndGlobalSection
	GlobalSection(ExtensibilityGlobals) = postSolution
		SolutionGuid = {7A469BA4-00F5-4202-A822-D511FAFDC097}
	EndGlobalSection
EndGlobal
