
Microsoft Visual Studio Solution File, Format Version 12.00
# Visual Studio Version 17
VisualStudioVersion = 17.7.34221.43
MinimumVisualStudioVersion = 10.0.40219.1
Project("{FAE04EC0-301F-11D3-BF4B-00C04F79EFBC}") = "ConsoleApp31", "ConsoleApp31.csproj", "{D21182C9-D97B-4927-96BC-4833EEAECBBF}"
EndProject
Project("{FAE04EC0-301F-11D3-BF4B-00C04F79EFBC}") = "ConsoleApp32", "..\ConsoleApp32\ConsoleApp32.csproj", "{AD5BC72A-5D65-4386-B2E5-522C797EB9E6}"
EndProject
Global
	GlobalSection(SolutionConfigurationPlatforms) = preSolution
		Debug|Any CPU = Debug|Any CPU
		Release|Any CPU = Release|Any CPU
	EndGlobalSection
	GlobalSection(ProjectConfigurationPlatforms) = postSolution
		{D21182C9-D97B-4927-96BC-4833EEAECBBF}.Debug|Any CPU.ActiveCfg = Debug|Any CPU
		{D21182C9-D97B-4927-96BC-4833EEAECBBF}.Debug|Any CPU.Build.0 = Debug|Any CPU
		{D21182C9-D97B-4927-96BC-4833EEAECBBF}.Release|Any CPU.ActiveCfg = Release|Any CPU
		{D21182C9-D97B-4927-96BC-4833EEAECBBF}.Release|Any CPU.Build.0 = Release|Any CPU
		{AD5BC72A-5D65-4386-B2E5-522C797EB9E6}.Debug|Any CPU.ActiveCfg = Debug|Any CPU
		{AD5BC72A-5D65-4386-B2E5-522C797EB9E6}.Debug|Any CPU.Build.0 = Debug|Any CPU
		{AD5BC72A-5D65-4386-B2E5-522C797EB9E6}.Release|Any CPU.ActiveCfg = Release|Any CPU
		{AD5BC72A-5D65-4386-B2E5-522C797EB9E6}.Release|Any CPU.Build.0 = Release|Any CPU
	EndGlobalSection
	GlobalSection(SolutionProperties) = preSolution
		HideSolutionNode = FALSE
	EndGlobalSection
	GlobalSection(ExtensibilityGlobals) = postSolution
		SolutionGuid = {378AE7CD-7326-4A57-A5D8-822154119726}
	EndGlobalSection
EndGlobal
