
Microsoft Visual Studio Solution File, Format Version 12.00
# Visual Studio 15
VisualStudioVersion = 15.0.34031.82
MinimumVisualStudioVersion = 10.0.40219.1
Project("{FAE04EC0-301F-11D3-BF4B-00C04F79EFBC}") = "ConsoleApp5", "ConsoleApp5\ConsoleApp5.csproj", "{C177B812-9840-41C3-8C22-5FE1D1DE1B2C}"
EndProject
Global
	GlobalSection(SolutionConfigurationPlatforms) = preSolution
		Debug|Any CPU = Debug|Any CPU
		Release|Any CPU = Release|Any CPU
	EndGlobalSection
	GlobalSection(ProjectConfigurationPlatforms) = postSolution
		{C177B812-9840-41C3-8C22-5FE1D1DE1B2C}.Debug|Any CPU.ActiveCfg = Debug|Any CPU
		{C177B812-9840-41C3-8C22-5FE1D1DE1B2C}.Debug|Any CPU.Build.0 = Debug|Any CPU
		{C177B812-9840-41C3-8C22-5FE1D1DE1B2C}.Release|Any CPU.ActiveCfg = Release|Any CPU
		{C177B812-9840-41C3-8C22-5FE1D1DE1B2C}.Release|Any CPU.Build.0 = Release|Any CPU
	EndGlobalSection
	GlobalSection(SolutionProperties) = preSolution
		HideSolutionNode = FALSE
	EndGlobalSection
	GlobalSection(ExtensibilityGlobals) = postSolution
		SolutionGuid = {EF8252A6-7819-4E8E-9419-1B0FA532876D}
	EndGlobalSection
EndGlobal
