
Microsoft Visual Studio Solution File, Format Version 12.00
# Visual Studio 15
VisualStudioVersion = 15.0.34320.172
MinimumVisualStudioVersion = 10.0.40219.1
Project("{FAE04EC0-301F-11D3-BF4B-00C04F79EFBC}") = "Lab3", "Lab3\Lab3.csproj", "{975B1975-107C-4D5F-ACE6-03CF0EC4842B}"
EndProject
Global
	GlobalSection(SolutionConfigurationPlatforms) = preSolution
		Debug|Any CPU = Debug|Any CPU
		Release|Any CPU = Release|Any CPU
	EndGlobalSection
	GlobalSection(ProjectConfigurationPlatforms) = postSolution
		{975B1975-107C-4D5F-ACE6-03CF0EC4842B}.Debug|Any CPU.ActiveCfg = Debug|Any CPU
		{975B1975-107C-4D5F-ACE6-03CF0EC4842B}.Debug|Any CPU.Build.0 = Debug|Any CPU
		{975B1975-107C-4D5F-ACE6-03CF0EC4842B}.Release|Any CPU.ActiveCfg = Release|Any CPU
		{975B1975-107C-4D5F-ACE6-03CF0EC4842B}.Release|Any CPU.Build.0 = Release|Any CPU
	EndGlobalSection
	GlobalSection(SolutionProperties) = preSolution
		HideSolutionNode = FALSE
	EndGlobalSection
	GlobalSection(ExtensibilityGlobals) = postSolution
		SolutionGuid = {9D9B2A82-90B3-4FE3-9840-A8C49C8C0490}
	EndGlobalSection
EndGlobal
