
Microsoft Visual Studio Solution File, Format Version 12.00
# Visual Studio Version 17
VisualStudioVersion = 17.7.34221.43
MinimumVisualStudioVersion = 10.0.40219.1
Project("{FAE04EC0-301F-11D3-BF4B-00C04F79EFBC}") = "практиум 4", "практиум 4.csproj", "{984EFFCD-E490-4191-AF1E-D5AE5DDBAD20}"
EndProject
Global
	GlobalSection(SolutionConfigurationPlatforms) = preSolution
		Debug|Any CPU = Debug|Any CPU
		Release|Any CPU = Release|Any CPU
	EndGlobalSection
	GlobalSection(ProjectConfigurationPlatforms) = postSolution
		{984EFFCD-E490-4191-AF1E-D5AE5DDBAD20}.Debug|Any CPU.ActiveCfg = Debug|Any CPU
		{984EFFCD-E490-4191-AF1E-D5AE5DDBAD20}.Debug|Any CPU.Build.0 = Debug|Any CPU
		{984EFFCD-E490-4191-AF1E-D5AE5DDBAD20}.Release|Any CPU.ActiveCfg = Release|Any CPU
		{984EFFCD-E490-4191-AF1E-D5AE5DDBAD20}.Release|Any CPU.Build.0 = Release|Any CPU
	EndGlobalSection
	GlobalSection(SolutionProperties) = preSolution
		HideSolutionNode = FALSE
	EndGlobalSection
	GlobalSection(ExtensibilityGlobals) = postSolution
		SolutionGuid = {3A16397D-931E-4D8E-9A4C-18876DB0C33D}
	EndGlobalSection
EndGlobal
